
Microsoft Visual Studio Solution File, Format Version 12.00
# Visual Studio Version 16
VisualStudioVersion = 16.0.32126.315
MinimumVisualStudioVersion = 10.0.40219.1
Project("{FAE04EC0-301F-11D3-BF4B-00C04F79EFBC}") = "CoolblueAssignment", "CoolblueAssignment\CoolblueAssignment.csproj", "{FACE66E0-7B6F-40C7-BC84-4ABFB5B3D421}"
EndProject
Global
	GlobalSection(SolutionConfigurationPlatforms) = preSolution
		Debug|Any CPU = Debug|Any CPU
		Release|Any CPU = Release|Any CPU
	EndGlobalSection
	GlobalSection(ProjectConfigurationPlatforms) = postSolution
		{FACE66E0-7B6F-40C7-BC84-4ABFB5B3D421}.Debug|Any CPU.ActiveCfg = Debug|Any CPU
		{FACE66E0-7B6F-40C7-BC84-4ABFB5B3D421}.Debug|Any CPU.Build.0 = Debug|Any CPU
		{FACE66E0-7B6F-40C7-BC84-4ABFB5B3D421}.Release|Any CPU.ActiveCfg = Release|Any CPU
		{FACE66E0-7B6F-40C7-BC84-4ABFB5B3D421}.Release|Any CPU.Build.0 = Release|Any CPU
	EndGlobalSection
	GlobalSection(SolutionProperties) = preSolution
		HideSolutionNode = FALSE
	EndGlobalSection
	GlobalSection(ExtensibilityGlobals) = postSolution
		SolutionGuid = {4384A74B-FF01-44B4-9988-17F9E7F9CDE1}
	EndGlobalSection
EndGlobal
